// !$*UTF8*$!
{
	archiveVersion = 1;
	classes = {
	};
	objectVersion = 46;
	objects = {

/* Begin PBXBuildFile section */
		94347C491AA627510067191B /* CoreLocation.framework in Frameworks */ = {isa = PBXBuildFile; fileRef = 94347C481AA627510067191B /* CoreLocation.framework */; };
		94FAD5311AA62653004CEF52 /* main.m in Sources */ = {isa = PBXBuildFile; fileRef = 94FAD5301AA62653004CEF52 /* main.m */; };
		94FAD5341AA62653004CEF52 /* AppDelegate.m in Sources */ = {isa = PBXBuildFile; fileRef = 94FAD5331AA62653004CEF52 /* AppDelegate.m */; };
		94FAD53A1AA62653004CEF52 /* Main.storyboard in Resources */ = {isa = PBXBuildFile; fileRef = 94FAD5381AA62653004CEF52 /* Main.storyboard */; };
		94FAD53C1AA62653004CEF52 /* Images.xcassets in Resources */ = {isa = PBXBuildFile; fileRef = 94FAD53B1AA62653004CEF52 /* Images.xcassets */; };
		94FAD54B1AA62653004CEF52 /* FindAndFlyTests.m in Sources */ = {isa = PBXBuildFile; fileRef = 94FAD54A1AA62653004CEF52 /* FindAndFlyTests.m */; };
/* End PBXBuildFile section */

/* Begin PBXContainerItemProxy section */
		94FAD5451AA62653004CEF52 /* PBXContainerItemProxy */ = {
			isa = PBXContainerItemProxy;
			containerPortal = 94FAD5231AA62653004CEF52 /* Project object */;
			proxyType = 1;
			remoteGlobalIDString = 94FAD52A1AA62653004CEF52;
			remoteInfo = FindAndFly;
		};
/* End PBXContainerItemProxy section */

/* Begin PBXFileReference section */
		94347C481AA627510067191B /* CoreLocation.framework */ = {isa = PBXFileReference; lastKnownFileType = wrapper.framework; name = CoreLocation.framework; path = System/Library/Frameworks/CoreLocation.framework; sourceTree = SDKROOT; };
		94FAD52B1AA62653004CEF52 /* FindAndFly.app */ = {isa = PBXFileReference; explicitFileType = wrapper.application; includeInIndex = 0; path = FindAndFly.app; sourceTree = BUILT_PRODUCTS_DIR; };
		94FAD52F1AA62653004CEF52 /* Info.plist */ = {isa = PBXFileReference; lastKnownFileType = text.plist.xml; path = Info.plist; sourceTree = "<group>"; };
		94FAD5301AA62653004CEF52 /* main.m */ = {isa = PBXFileReference; lastKnownFileType = sourcecode.c.objc; path = main.m; sourceTree = "<group>"; };
		94FAD5321AA62653004CEF52 /* AppDelegate.h */ = {isa = PBXFileReference; lastKnownFileType = sourcecode.c.h; path = AppDelegate.h; sourceTree = "<group>"; };
		94FAD5331AA62653004CEF52 /* AppDelegate.m */ = {isa = PBXFileReference; lastKnownFileType = sourcecode.c.objc; path = AppDelegate.m; sourceTree = "<group>"; };
		94FAD5391AA62653004CEF52 /* Base */ = {isa = PBXFileReference; lastKnownFileType = file.storyboard; name = Base; path = Base.lproj/Main.storyboard; sourceTree = "<group>"; };
		94FAD53B1AA62653004CEF52 /* Images.xcassets */ = {isa = PBXFileReference; lastKnownFileType = folder.assetcatalog; path = Images.xcassets; sourceTree = "<group>"; };
		94FAD5441AA62653004CEF52 /* FindAndFlyTests.xctest */ = {isa = PBXFileReference; explicitFileType = wrapper.cfbundle; includeInIndex = 0; path = FindAndFlyTests.xctest; sourceTree = BUILT_PRODUCTS_DIR; };
		94FAD5491AA62653004CEF52 /* Info.plist */ = {isa = PBXFileReference; lastKnownFileType = text.plist.xml; path = Info.plist; sourceTree = "<group>"; };
		94FAD54A1AA62653004CEF52 /* FindAndFlyTests.m */ = {isa = PBXFileReference; lastKnownFileType = sourcecode.c.objc; path = FindAndFlyTests.m; sourceTree = "<group>"; };
/* End PBXFileReference section */

/* Begin PBXFrameworksBuildPhase section */
		94FAD5281AA62653004CEF52 /* Frameworks */ = {
			isa = PBXFrameworksBuildPhase;
			buildActionMask = 2147483647;
			files = (
				94347C491AA627510067191B /* CoreLocation.framework in Frameworks */,
			);
			runOnlyForDeploymentPostprocessing = 0;
		};
		94FAD5411AA62653004CEF52 /* Frameworks */ = {
			isa = PBXFrameworksBuildPhase;
			buildActionMask = 2147483647;
			files = (
			);
			runOnlyForDeploymentPostprocessing = 0;
		};
/* End PBXFrameworksBuildPhase section */

/* Begin PBXGroup section */
		94347C4A1AA627B50067191B /* Frameworks */ = {
			isa = PBXGroup;
			children = (
				94347C481AA627510067191B /* CoreLocation.framework */,
			);
			name = Frameworks;
			sourceTree = "<group>";
		};
		94347C4B1AA627C80067191B /* ThirdParty */ = {
			isa = PBXGroup;
			children = (
			);
			name = ThirdParty;
			sourceTree = "<group>";
		};
		94FAD5221AA62653004CEF52 = {
			isa = PBXGroup;
			children = (
				94347C4B1AA627C80067191B /* ThirdParty */,
				94FAD52D1AA62653004CEF52 /* FindAndFly */,
				94FAD5471AA62653004CEF52 /* FindAndFlyTests */,
				94FAD52C1AA62653004CEF52 /* Products */,
				94347C4A1AA627B50067191B /* Frameworks */,
			);
			sourceTree = "<group>";
		};
		94FAD52C1AA62653004CEF52 /* Products */ = {
			isa = PBXGroup;
			children = (
				94FAD52B1AA62653004CEF52 /* FindAndFly.app */,
				94FAD5441AA62653004CEF52 /* FindAndFlyTests.xctest */,
			);
			name = Products;
			sourceTree = "<group>";
		};
		94FAD52D1AA62653004CEF52 /* FindAndFly */ = {
			isa = PBXGroup;
			children = (
				94FAD5321AA62653004CEF52 /* AppDelegate.h */,
				94FAD5331AA62653004CEF52 /* AppDelegate.m */,
				94FAD5381AA62653004CEF52 /* Main.storyboard */,
				94FAD53B1AA62653004CEF52 /* Images.xcassets */,
				94FAD52E1AA62653004CEF52 /* Supporting Files */,
			);
			path = FindAndFly;
			sourceTree = "<group>";
		};
		94FAD52E1AA62653004CEF52 /* Supporting Files */ = {
			isa = PBXGroup;
			children = (
				94FAD52F1AA62653004CEF52 /* Info.plist */,
				94FAD5301AA62653004CEF52 /* main.m */,
			);
			name = "Supporting Files";
			sourceTree = "<group>";
		};
		94FAD5471AA62653004CEF52 /* FindAndFlyTests */ = {
			isa = PBXGroup;
			children = (
				94FAD54A1AA62653004CEF52 /* FindAndFlyTests.m */,
				94FAD5481AA62653004CEF52 /* Supporting Files */,
			);
			path = FindAndFlyTests;
			sourceTree = "<group>";
		};
		94FAD5481AA62653004CEF52 /* Supporting Files */ = {
			isa = PBXGroup;
			children = (
				94FAD5491AA62653004CEF52 /* Info.plist */,
			);
			name = "Supporting Files";
			sourceTree = "<group>";
		};
/* End PBXGroup section */

/* Begin PBXNativeTarget section */
		94FAD52A1AA62653004CEF52 /* FindAndFly */ = {
			isa = PBXNativeTarget;
			buildConfigurationList = 94FAD54E1AA62653004CEF52 /* Build configuration list for PBXNativeTarget "FindAndFly" */;
			buildPhases = (
				94FAD5271AA62653004CEF52 /* Sources */,
				94FAD5281AA62653004CEF52 /* Frameworks */,
				94FAD5291AA62653004CEF52 /* Resources */,
			);
			buildRules = (
			);
			dependencies = (
			);
			name = FindAndFly;
			productName = FindAndFly;
			productReference = 94FAD52B1AA62653004CEF52 /* FindAndFly.app */;
			productType = "com.apple.product-type.application";
		};
		94FAD5431AA62653004CEF52 /* FindAndFlyTests */ = {
			isa = PBXNativeTarget;
			buildConfigurationList = 94FAD5511AA62653004CEF52 /* Build configuration list for PBXNativeTarget "FindAndFlyTests" */;
			buildPhases = (
				94FAD5401AA62653004CEF52 /* Sources */,
				94FAD5411AA62653004CEF52 /* Frameworks */,
				94FAD5421AA62653004CEF52 /* Resources */,
			);
			buildRules = (
			);
			dependencies = (
				94FAD5461AA62653004CEF52 /* PBXTargetDependency */,
			);
			name = FindAndFlyTests;
			productName = FindAndFlyTests;
			productReference = 94FAD5441AA62653004CEF52 /* FindAndFlyTests.xctest */;
			productType = "com.apple.product-type.bundle.unit-test";
		};
/* End PBXNativeTarget section */

/* Begin PBXProject section */
		94FAD5231AA62653004CEF52 /* Project object */ = {
			isa = PBXProject;
			attributes = {
				LastUpgradeCheck = 0610;
				ORGANIZATIONNAME = 8of;
				TargetAttributes = {
					94FAD52A1AA62653004CEF52 = {
						CreatedOnToolsVersion = 6.1.1;
					};
					94FAD5431AA62653004CEF52 = {
						CreatedOnToolsVersion = 6.1.1;
						TestTargetID = 94FAD52A1AA62653004CEF52;
					};
				};
			};
			buildConfigurationList = 94FAD5261AA62653004CEF52 /* Build configuration list for PBXProject "FindAndFly" */;
			compatibilityVersion = "Xcode 3.2";
			developmentRegion = English;
			hasScannedForEncodings = 0;
			knownRegions = (
				en,
				Base,
			);
			mainGroup = 94FAD5221AA62653004CEF52;
			productRefGroup = 94FAD52C1AA62653004CEF52 /* Products */;
			projectDirPath = "";
			projectRoot = "";
			targets = (
				94FAD52A1AA62653004CEF52 /* FindAndFly */,
				94FAD5431AA62653004CEF52 /* FindAndFlyTests */,
			);
		};
/* End PBXProject section */

/* Begin PBXResourcesBuildPhase section */
		94FAD5291AA62653004CEF52 /* Resources */ = {
			isa = PBXResourcesBuildPhase;
			buildActionMask = 2147483647;
			files = (
				94FAD53A1AA62653004CEF52 /* Main.storyboard in Resources */,
				94FAD53C1AA62653004CEF52 /* Images.xcassets in Resources */,
			);
			runOnlyForDeploymentPostprocessing = 0;
		};
		94FAD5421AA62653004CEF52 /* Resources */ = {
			isa = PBXResourcesBuildPhase;
			buildActionMask = 2147483647;
			files = (
			);
			runOnlyForDeploymentPostprocessing = 0;
		};
/* End PBXResourcesBuildPhase section */

/* Begin PBXSourcesBuildPhase section */
		94FAD5271AA62653004CEF52 /* Sources */ = {
			isa = PBXSourcesBuildPhase;
			buildActionMask = 2147483647;
			files = (
				94FAD5341AA62653004CEF52 /* AppDelegate.m in Sources */,
				94FAD5311AA62653004CEF52 /* main.m in Sources */,
			);
			runOnlyForDeploymentPostprocessing = 0;
		};
		94FAD5401AA62653004CEF52 /* Sources */ = {
			isa = PBXSourcesBuildPhase;
			buildActionMask = 2147483647;
			files = (
				94FAD54B1AA62653004CEF52 /* FindAndFlyTests.m in Sources */,
			);
			runOnlyForDeploymentPostprocessing = 0;
		};
/* End PBXSourcesBuildPhase section */

/* Begin PBXTargetDependency section */
		94FAD5461AA62653004CEF52 /* PBXTargetDependency */ = {
			isa = PBXTargetDependency;
			target = 94FAD52A1AA62653004CEF52 /* FindAndFly */;
			targetProxy = 94FAD5451AA62653004CEF52 /* PBXContainerItemProxy */;
		};
/* End PBXTargetDependency section */

/* Begin PBXVariantGroup section */
		94FAD5381AA62653004CEF52 /* Main.storyboard */ = {
			isa = PBXVariantGroup;
			children = (
				94FAD5391AA62653004CEF52 /* Base */,
			);
			name = Main.storyboard;
			sourceTree = "<group>";
		};
/* End PBXVariantGroup section */

/* Begin XCBuildConfiguration section */
		94FAD54C1AA62653004CEF52 /* Debug */ = {
			isa = XCBuildConfiguration;
			buildSettings = {
				ALWAYS_SEARCH_USER_PATHS = NO;
				CLANG_CXX_LANGUAGE_STANDARD = "gnu++0x";
				CLANG_CXX_LIBRARY = "libc++";
				CLANG_ENABLE_MODULES = YES;
				CLANG_ENABLE_OBJC_ARC = YES;
				CLANG_WARN_BOOL_CONVERSION = YES;
				CLANG_WARN_CONSTANT_CONVERSION = YES;
				CLANG_WARN_DIRECT_OBJC_ISA_USAGE = YES_ERROR;
				CLANG_WARN_EMPTY_BODY = YES;
				CLANG_WARN_ENUM_CONVERSION = YES;
				CLANG_WARN_INT_CONVERSION = YES;
				CLANG_WARN_OBJC_ROOT_CLASS = YES_ERROR;
				CLANG_WARN_UNREACHABLE_CODE = YES;
				CLANG_WARN__DUPLICATE_METHOD_MATCH = YES;
				"CODE_SIGN_IDENTITY[sdk=iphoneos*]" = "iPhone Developer";
				COPY_PHASE_STRIP = NO;
				ENABLE_STRICT_OBJC_MSGSEND = YES;
				GCC_C_LANGUAGE_STANDARD = gnu99;
				GCC_DYNAMIC_NO_PIC = NO;
				GCC_OPTIMIZATION_LEVEL = 0;
				GCC_PREPROCESSOR_DEFINITIONS = (
					"DEBUG=1",
					"$(inherited)",
				);
				GCC_SYMBOLS_PRIVATE_EXTERN = NO;
				GCC_WARN_64_TO_32_BIT_CONVERSION = YES;
				GCC_WARN_ABOUT_RETURN_TYPE = YES_ERROR;
				GCC_WARN_UNDECLARED_SELECTOR = YES;
				GCC_WARN_UNINITIALIZED_AUTOS = YES_AGGRESSIVE;
				GCC_WARN_UNUSED_FUNCTION = YES;
				GCC_WARN_UNUSED_VARIABLE = YES;
				IPHONEOS_DEPLOYMENT_TARGET = 8.1;
				MTL_ENABLE_DEBUG_INFO = YES;
				ONLY_ACTIVE_ARCH = YES;
				SDKROOT = iphoneos;
				TARGETED_DEVICE_FAMILY = "1,2";
			};
			name = Debug;
		};
		94FAD54D1AA62653004CEF52 /* Release */ = {
			isa = XCBuildConfiguration;
			buildSettings = {
				ALWAYS_SEARCH_USER_PATHS = NO;
				CLANG_CXX_LANGUAGE_STANDARD = "gnu++0x";
				CLANG_CXX_LIBRARY = "libc++";
				CLANG_ENABLE_MODULES = YES;
				CLANG_ENABLE_OBJC_ARC = YES;
				CLANG_WARN_BOOL_CONVERSION = YES;
				CLANG_WARN_CONSTANT_CONVERSION = YES;
				CLANG_WARN_DIRECT_OBJC_ISA_USAGE = YES_ERROR;
				CLANG_WARN_EMPTY_BODY = YES;
				CLANG_WARN_ENUM_CONVERSION = YES;
				CLANG_WARN_INT_CONVERSION = YES;
				CLANG_WARN_OBJC_ROOT_CLASS = YES_ERROR;
				CLANG_WARN_UNREACHABLE_CODE = YES;
				CLANG_WARN__DUPLICATE_METHOD_MATCH = YES;
				"CODE_SIGN_IDENTITY[sdk=iphoneos*]" = "iPhone Developer";
				COPY_PHASE_STRIP = YES;
				ENABLE_NS_ASSERTIONS = NO;
				ENABLE_STRICT_OBJC_MSGSEND = YES;
				GCC_C_LANGUAGE_STANDARD = gnu99;
				GCC_WARN_64_TO_32_BIT_CONVERSION = YES;
				GCC_WARN_ABOUT_RETURN_TYPE = YES_ERROR;
				GCC_WARN_UNDECLARED_SELECTOR = YES;
				GCC_WARN_UNINITIALIZED_AUTOS = YES_AGGRESSIVE;
				GCC_WARN_UNUSED_FUNCTION = YES;
				GCC_WARN_UNUSED_VARIABLE = YES;
				IPHONEOS_DEPLOYMENT_TARGET = 8.1;
				MTL_ENABLE_DEBUG_INFO = NO;
				SDKROOT = iphoneos;
				TARGETED_DEVICE_FAMILY = "1,2";
				VALIDATE_PRODUCT = YES;
			};
			name = Release;
		};
		94FAD54F1AA62653004CEF52 /* Debug */ = {
			isa = XCBuildConfiguration;
			buildSettings = {
				ASSETCATALOG_COMPILER_APPICON_NAME = AppIcon;
				INFOPLIST_FILE = FindAndFly/Info.plist;
				IPHONEOS_DEPLOYMENT_TARGET = 7.0;
				LD_RUNPATH_SEARCH_PATHS = "$(inherited) @executable_path/Frameworks";
				PRODUCT_NAME = "$(TARGET_NAME)";
			};
			name = Debug;
		};
		94FAD5501AA62653004CEF52 /* Release */ = {
			isa = XCBuildConfiguration;
			buildSettings = {
				ASSETCATALOG_COMPILER_APPICON_NAME = AppIcon;
				INFOPLIST_FILE = FindAndFly/Info.plist;
				IPHONEOS_DEPLOYMENT_TARGET = 7.0;
				LD_RUNPATH_SEARCH_PATHS = "$(inherited) @executable_path/Frameworks";
				PRODUCT_NAME = "$(TARGET_NAME)";
			};
			name = Release;
		};
		94FAD5521AA62653004CEF52 /* Debug */ = {
			isa = XCBuildConfiguration;
			buildSettings = {
				BUNDLE_LOADER = "$(TEST_HOST)";
				FRAMEWORK_SEARCH_PATHS = (
					"$(SDKROOT)/Developer/Library/Frameworks",
					"$(inherited)",
				);
				GCC_PREPROCESSOR_DEFINITIONS = (
					"DEBUG=1",
					"$(inherited)",
				);
				INFOPLIST_FILE = FindAndFlyTests/Info.plist;
				LD_RUNPATH_SEARCH_PATHS = "$(inherited) @executable_path/Frameworks @loader_path/Frameworks";
				PRODUCT_NAME = "$(TARGET_NAME)";
				TEST_HOST = "$(BUILT_PRODUCTS_DIR)/FindAndFly.app/FindAndFly";
			};
			name = Debug;
		};
		94FAD5531AA62653004CEF52 /* Release */ = {
			isa = XCBuildConfiguration;
			buildSettings = {
				BUNDLE_LOADER = "$(TEST_HOST)";
				FRAMEWORK_SEARCH_PATHS = (
					"$(SDKROOT)/Developer/Library/Frameworks",
					"$(inherited)",
				);
				INFOPLIST_FILE = FindAndFlyTests/Info.plist;
				LD_RUNPATH_SEARCH_PATHS = "$(inherited) @executable_path/Frameworks @loader_path/Frameworks";
				PRODUCT_NAME = "$(TARGET_NAME)";
				TEST_HOST = "$(BUILT_PRODUCTS_DIR)/FindAndFly.app/FindAndFly";
			};
			name = Release;
		};
/* End XCBuildConfiguration section */

/* Begin XCConfigurationList section */
		94FAD5261AA62653004CEF52 /* Build configuration list for PBXProject "FindAndFly" */ = {
			isa = XCConfigurationList;
			buildConfigurations = (
				94FAD54C1AA62653004CEF52 /* Debug */,
				94FAD54D1AA62653004CEF52 /* Release */,
			);
			defaultConfigurationIsVisible = 0;
			defaultConfigurationName = Release;
		};
		94FAD54E1AA62653004CEF52 /* Build configuration list for PBXNativeTarget "FindAndFly" */ = {
			isa = XCConfigurationList;
			buildConfigurations = (
				94FAD54F1AA62653004CEF52 /* Debug */,
				94FAD5501AA62653004CEF52 /* Release */,
			);
			defaultConfigurationIsVisible = 0;
			defaultConfigurationName = Release;
		};
		94FAD5511AA62653004CEF52 /* Build configuration list for PBXNativeTarget "FindAndFlyTests" */ = {
			isa = XCConfigurationList;
			buildConfigurations = (
				94FAD5521AA62653004CEF52 /* Debug */,
				94FAD5531AA62653004CEF52 /* Release */,
			);
			defaultConfigurationIsVisible = 0;
			defaultConfigurationName = Release;
		};
/* End XCConfigurationList section */
	};
	rootObject = 94FAD5231AA62653004CEF52 /* Project object */;
}
